
Microsoft Visual Studio Solution File, Format Version 12.00
# Visual Studio Version 16
VisualStudioVersion = 16.0.30523.141
MinimumVisualStudioVersion = 10.0.40219.1
Project("{FAE04EC0-301F-11D3-BF4B-00C04F79EFBC}") = "SalonSystem_Gurpreet", "SalonSystem_Gurpreet\SalonSystem_Gurpreet.csproj", "{BAB01D78-9C5A-4E57-AC25-1F27068249A6}"
EndProject
Global
	GlobalSection(SolutionConfigurationPlatforms) = preSolution
		Debug|Any CPU = Debug|Any CPU
		Release|Any CPU = Release|Any CPU
	EndGlobalSection
	GlobalSection(ProjectConfigurationPlatforms) = postSolution
		{BAB01D78-9C5A-4E57-AC25-1F27068249A6}.Debug|Any CPU.ActiveCfg = Debug|Any CPU
		{BAB01D78-9C5A-4E57-AC25-1F27068249A6}.Debug|Any CPU.Build.0 = Debug|Any CPU
		{BAB01D78-9C5A-4E57-AC25-1F27068249A6}.Release|Any CPU.ActiveCfg = Release|Any CPU
		{BAB01D78-9C5A-4E57-AC25-1F27068249A6}.Release|Any CPU.Build.0 = Release|Any CPU
	EndGlobalSection
	GlobalSection(SolutionProperties) = preSolution
		HideSolutionNode = FALSE
	EndGlobalSection
	GlobalSection(ExtensibilityGlobals) = postSolution
		SolutionGuid = {5E74C960-EC6B-4AFA-848B-670BB99454BD}
	EndGlobalSection
EndGlobal
